
Microsoft Visual Studio Solution File, Format Version 12.00
# Visual Studio Version 16
VisualStudioVersion = 16.0.29709.97
MinimumVisualStudioVersion = 10.0.40219.1
Project("{9A19103F-16F7-4668-BE54-9A1E7A4F7556}") = "HW5T1", "HW5T1\HW5T1.csproj", "{BA0CBC5D-EFE7-4059-908C-493C8DC50486}"
EndProject
Project("{9A19103F-16F7-4668-BE54-9A1E7A4F7556}") = "Attributes", "Atributes\Attributes.csproj", "{FA0D4BF8-52C8-4619-AA01-50737843B2D0}"
EndProject
Project("{9A19103F-16F7-4668-BE54-9A1E7A4F7556}") = "SuccessTests", "SuccessTests\SuccessTests.csproj", "{ED3A70AA-EAD7-4BDF-881B-B3B8D630F38F}"
EndProject
Project("{FAE04EC0-301F-11D3-BF4B-00C04F79EFBC}") = "HW5T1Tests", "HW5T1Tests\HW5T1Tests.csproj", "{A1FAEF3D-0058-4DEE-8D6C-529853CF0B58}"
EndProject
Global
	GlobalSection(SolutionConfigurationPlatforms) = preSolution
		Debug|Any CPU = Debug|Any CPU
		Release|Any CPU = Release|Any CPU
	EndGlobalSection
	GlobalSection(ProjectConfigurationPlatforms) = postSolution
		{BA0CBC5D-EFE7-4059-908C-493C8DC50486}.Debug|Any CPU.ActiveCfg = Debug|Any CPU
		{BA0CBC5D-EFE7-4059-908C-493C8DC50486}.Debug|Any CPU.Build.0 = Debug|Any CPU
		{BA0CBC5D-EFE7-4059-908C-493C8DC50486}.Release|Any CPU.ActiveCfg = Release|Any CPU
		{BA0CBC5D-EFE7-4059-908C-493C8DC50486}.Release|Any CPU.Build.0 = Release|Any CPU
		{FA0D4BF8-52C8-4619-AA01-50737843B2D0}.Debug|Any CPU.ActiveCfg = Debug|Any CPU
		{FA0D4BF8-52C8-4619-AA01-50737843B2D0}.Debug|Any CPU.Build.0 = Debug|Any CPU
		{FA0D4BF8-52C8-4619-AA01-50737843B2D0}.Release|Any CPU.ActiveCfg = Release|Any CPU
		{FA0D4BF8-52C8-4619-AA01-50737843B2D0}.Release|Any CPU.Build.0 = Release|Any CPU
		{ED3A70AA-EAD7-4BDF-881B-B3B8D630F38F}.Debug|Any CPU.ActiveCfg = Debug|Any CPU
		{ED3A70AA-EAD7-4BDF-881B-B3B8D630F38F}.Debug|Any CPU.Build.0 = Debug|Any CPU
		{ED3A70AA-EAD7-4BDF-881B-B3B8D630F38F}.Release|Any CPU.ActiveCfg = Release|Any CPU
		{ED3A70AA-EAD7-4BDF-881B-B3B8D630F38F}.Release|Any CPU.Build.0 = Release|Any CPU
		{A1FAEF3D-0058-4DEE-8D6C-529853CF0B58}.Debug|Any CPU.ActiveCfg = Debug|Any CPU
		{A1FAEF3D-0058-4DEE-8D6C-529853CF0B58}.Debug|Any CPU.Build.0 = Debug|Any CPU
		{A1FAEF3D-0058-4DEE-8D6C-529853CF0B58}.Release|Any CPU.ActiveCfg = Release|Any CPU
		{A1FAEF3D-0058-4DEE-8D6C-529853CF0B58}.Release|Any CPU.Build.0 = Release|Any CPU
	EndGlobalSection
	GlobalSection(SolutionProperties) = preSolution
		HideSolutionNode = FALSE
	EndGlobalSection
	GlobalSection(ExtensibilityGlobals) = postSolution
		SolutionGuid = {B421372F-B656-49E1-97EE-3237C7D388F2}
	EndGlobalSection
EndGlobal
